# Generated by pub
# See http://pub.dartlang.org/doc/glossary.html#lockfile
packages:
  browser:
    description:
      name: browser
      url: "https://pub.dartlang.org"
    source: hosted
    version: "0.10.0+2"
  datgui:
    description:
      ref: HEAD
      resolved-ref: b8d7d0b256c233d9c75ae4c48615fe4a18a1da87
      url: "git://github.com/cgrabowski/datgui.git"
    source: git
    version: "0.2.1+2"
  matcher:
    description:
      name: matcher
      url: "https://pub.dartlang.org"
    source: hosted
    version: "0.12.0+2"
  quiver:
    description:
      name: quiver
      url: "https://pub.dartlang.org"
    source: hosted
    version: "0.22.0"
  stats:
    description:
      ref: HEAD
      resolved-ref: "0f9b8a485d9f44bc0f1858f7c584779ef9065917"
      url: "git://github.com/Dartist/stats.dart.git"
    source: git
    version: "0.1.3-dev"
  three:
    description:
      ref: master
      resolved-ref: "06acdb718c0674db71eff3ff4fb0cbcef5ff77a2"
      url: "git://github.com/threeDart/three.dart.git"
    source: git
    version: "0.2.5+1"
  vector_math:
    description:
      name: vector_math
      url: "https://pub.dartlang.org"
    source: hosted
    version: "1.4.7"
sdk: ">=1.8.0 <2.0.0"
